// !$*UTF8*$!
{
	archiveVersion = 1;
	classes = {
	};
	objectVersion = 56;
	objects = {

/* Begin PBXBuildFile section */
		18296F7D2E840201000719D9 /* new.c in Sources */ = {isa = PBXBuildFile; fileRef = 18296F7C2E840201000719D9 /* new.c */; };
		186192772EAC0C4C00969628 /* BusReservation.c in Sources */ = {isa = PBXBuildFile; fileRef = 186192762EAC0C4C00969628 /* BusReservation.c */; };
		18B1403B2E828A4E00280E16 /* practice.c in Sources */ = {isa = PBXBuildFile; fileRef = 18B1403A2E828A4E00280E16 /* practice.c */; };
		18E48E1B2E8188AD00EA244F /* task_1.c in Sources */ = {isa = PBXBuildFile; fileRef = 18E48E1A2E8188AD00EA244F /* task_1.c */; };
		18E48E1D2E818ABF00EA244F /* task_2.c in Sources */ = {isa = PBXBuildFile; fileRef = 18E48E1C2E818ABF00EA244F /* task_2.c */; };
		18E48E1F2E818E1400EA244F /* task_3.c in Sources */ = {isa = PBXBuildFile; fileRef = 18E48E1E2E818E1400EA244F /* task_3.c */; };
		18E48E212E81921800EA244F /* task_4.c in Sources */ = {isa = PBXBuildFile; fileRef = 18E48E202E81921800EA244F /* task_4.c */; };
		18E48E232E819E1300EA244F /* task_5.c in Sources */ = {isa = PBXBuildFile; fileRef = 18E48E222E819E1300EA244F /* task_5.c */; };
		18E76C672E86AA8200FBCFEE /* practice2.c in Sources */ = {isa = PBXBuildFile; fileRef = 18E76C662E86AA8200FBCFEE /* practice2.c */; };
		18E76C692E86ABC400FBCFEE /* practice3.c in Sources */ = {isa = PBXBuildFile; fileRef = 18E76C682E86ABC400FBCFEE /* practice3.c */; };
/* End PBXBuildFile section */

/* Begin PBXCopyFilesBuildPhase section */
		18E48E0E2E8187B000EA244F /* CopyFiles */ = {
			isa = PBXCopyFilesBuildPhase;
			buildActionMask = 2147483647;
			dstPath = /usr/share/man/man1/;
			dstSubfolderSpec = 0;
			files = (
			);
			runOnlyForDeploymentPostprocessing = 1;
		};
/* End PBXCopyFilesBuildPhase section */

/* Begin PBXFileReference section */
		18296F7C2E840201000719D9 /* new.c */ = {isa = PBXFileReference; lastKnownFileType = sourcecode.c.c; path = new.c; sourceTree = "<group>"; };
		186192762EAC0C4C00969628 /* BusReservation.c */ = {isa = PBXFileReference; lastKnownFileType = sourcecode.c.c; path = BusReservation.c; sourceTree = "<group>"; };
		186192782EAC0C9200969628 /* C Learning.entitlements */ = {isa = PBXFileReference; lastKnownFileType = text.plist.entitlements; path = "C Learning.entitlements"; sourceTree = "<group>"; };
		18B1403A2E828A4E00280E16 /* practice.c */ = {isa = PBXFileReference; lastKnownFileType = sourcecode.c.c; path = practice.c; sourceTree = "<group>"; };
		18E48E102E8187B000EA244F /* C Learning */ = {isa = PBXFileReference; explicitFileType = "compiled.mach-o.executable"; includeInIndex = 0; path = "C Learning"; sourceTree = BUILT_PRODUCTS_DIR; };
		18E48E1A2E8188AD00EA244F /* task_1.c */ = {isa = PBXFileReference; lastKnownFileType = sourcecode.c.c; path = task_1.c; sourceTree = "<group>"; };
		18E48E1C2E818ABF00EA244F /* task_2.c */ = {isa = PBXFileReference; lastKnownFileType = sourcecode.c.c; path = task_2.c; sourceTree = "<group>"; };
		18E48E1E2E818E1400EA244F /* task_3.c */ = {isa = PBXFileReference; lastKnownFileType = sourcecode.c.c; path = task_3.c; sourceTree = "<group>"; };
		18E48E202E81921800EA244F /* task_4.c */ = {isa = PBXFileReference; lastKnownFileType = sourcecode.c.c; path = task_4.c; sourceTree = "<group>"; };
		18E48E222E819E1300EA244F /* task_5.c */ = {isa = PBXFileReference; lastKnownFileType = sourcecode.c.c; path = task_5.c; sourceTree = "<group>"; };
		18E76C652E86AA8200FBCFEE /* practice2.h */ = {isa = PBXFileReference; lastKnownFileType = sourcecode.c.h; path = practice2.h; sourceTree = "<group>"; };
		18E76C662E86AA8200FBCFEE /* practice2.c */ = {isa = PBXFileReference; lastKnownFileType = sourcecode.c.c; path = practice2.c; sourceTree = "<group>"; };
		18E76C682E86ABC400FBCFEE /* practice3.c */ = {isa = PBXFileReference; lastKnownFileType = sourcecode.c.c; path = practice3.c; sourceTree = "<group>"; };
/* End PBXFileReference section */

/* Begin PBXFrameworksBuildPhase section */
		18E48E0D2E8187B000EA244F /* Frameworks */ = {
			isa = PBXFrameworksBuildPhase;
			buildActionMask = 2147483647;
			files = (
			);
			runOnlyForDeploymentPostprocessing = 0;
		};
/* End PBXFrameworksBuildPhase section */

/* Begin PBXGroup section */
		18E48E072E8187B000EA244F = {
			isa = PBXGroup;
			children = (
				18E48E122E8187B000EA244F /* C Learning */,
				18E48E112E8187B000EA244F /* Products */,
			);
			sourceTree = "<group>";
		};
		18E48E112E8187B000EA244F /* Products */ = {
			isa = PBXGroup;
			children = (
				18E48E102E8187B000EA244F /* C Learning */,
			);
			name = Products;
			sourceTree = "<group>";
		};
		18E48E122E8187B000EA244F /* C Learning */ = {
			isa = PBXGroup;
			children = (
				186192782EAC0C9200969628 /* C Learning.entitlements */,
				18E48E1A2E8188AD00EA244F /* task_1.c */,
				186192762EAC0C4C00969628 /* BusReservation.c */,
				18E48E1E2E818E1400EA244F /* task_3.c */,
				18E48E202E81921800EA244F /* task_4.c */,
				18E48E222E819E1300EA244F /* task_5.c */,
				18B1403A2E828A4E00280E16 /* practice.c */,
				18E48E1C2E818ABF00EA244F /* task_2.c */,
				18296F7C2E840201000719D9 /* new.c */,
				18E76C662E86AA8200FBCFEE /* practice2.c */,
				18E76C652E86AA8200FBCFEE /* practice2.h */,
				18E76C682E86ABC400FBCFEE /* practice3.c */,
			);
			path = "C Learning";
			sourceTree = "<group>";
		};
/* End PBXGroup section */

/* Begin PBXNativeTarget section */
		18E48E0F2E8187B000EA244F /* C Learning */ = {
			isa = PBXNativeTarget;
			buildConfigurationList = 18E48E172E8187B000EA244F /* Build configuration list for PBXNativeTarget "C Learning" */;
			buildPhases = (
				18E48E0C2E8187B000EA244F /* Sources */,
				18E48E0D2E8187B000EA244F /* Frameworks */,
				18E48E0E2E8187B000EA244F /* CopyFiles */,
			);
			buildRules = (
			);
			dependencies = (
			);
			name = "C Learning";
			productName = "C Learning";
			productReference = 18E48E102E8187B000EA244F /* C Learning */;
			productType = "com.apple.product-type.tool";
		};
/* End PBXNativeTarget section */

/* Begin PBXProject section */
		18E48E082E8187B000EA244F /* Project object */ = {
			isa = PBXProject;
			attributes = {
				BuildIndependentTargetsInParallel = 1;
				LastUpgradeCheck = 1420;
				TargetAttributes = {
					18E48E0F2E8187B000EA244F = {
						CreatedOnToolsVersion = 14.2;
					};
				};
			};
			buildConfigurationList = 18E48E0B2E8187B000EA244F /* Build configuration list for PBXProject "C Learning" */;
			compatibilityVersion = "Xcode 14.0";
			developmentRegion = en;
			hasScannedForEncodings = 0;
			knownRegions = (
				en,
				Base,
			);
			mainGroup = 18E48E072E8187B000EA244F;
			productRefGroup = 18E48E112E8187B000EA244F /* Products */;
			projectDirPath = "";
			projectRoot = "";
			targets = (
				18E48E0F2E8187B000EA244F /* C Learning */,
			);
		};
/* End PBXProject section */

/* Begin PBXSourcesBuildPhase section */
		18E48E0C2E8187B000EA244F /* Sources */ = {
			isa = PBXSourcesBuildPhase;
			buildActionMask = 2147483647;
			files = (
				18296F7D2E840201000719D9 /* new.c in Sources */,
				18E48E1B2E8188AD00EA244F /* task_1.c in Sources */,
				186192772EAC0C4C00969628 /* BusReservation.c in Sources */,
				18E48E212E81921800EA244F /* task_4.c in Sources */,
				18B1403B2E828A4E00280E16 /* practice.c in Sources */,
				18E48E232E819E1300EA244F /* task_5.c in Sources */,
				18E76C692E86ABC400FBCFEE /* practice3.c in Sources */,
				18E76C672E86AA8200FBCFEE /* practice2.c in Sources */,
				18E48E1F2E818E1400EA244F /* task_3.c in Sources */,
				18E48E1D2E818ABF00EA244F /* task_2.c in Sources */,
			);
			runOnlyForDeploymentPostprocessing = 0;
		};
/* End PBXSourcesBuildPhase section */

/* Begin XCBuildConfiguration section */
		18E48E152E8187B000EA244F /* Debug */ = {
			isa = XCBuildConfiguration;
			buildSettings = {
				ALWAYS_SEARCH_USER_PATHS = NO;
				CLANG_ANALYZER_NONNULL = YES;
				CLANG_ANALYZER_NUMBER_OBJECT_CONVERSION = YES_AGGRESSIVE;
				CLANG_CXX_LANGUAGE_STANDARD = "gnu++20";
				CLANG_ENABLE_MODULES = YES;
				CLANG_ENABLE_OBJC_ARC = YES;
				CLANG_ENABLE_OBJC_WEAK = YES;
				CLANG_WARN_BLOCK_CAPTURE_AUTORELEASING = YES;
				CLANG_WARN_BOOL_CONVERSION = YES;
				CLANG_WARN_COMMA = YES;
				CLANG_WARN_CONSTANT_CONVERSION = YES;
				CLANG_WARN_DEPRECATED_OBJC_IMPLEMENTATIONS = YES;
				CLANG_WARN_DIRECT_OBJC_ISA_USAGE = YES_ERROR;
				CLANG_WARN_DOCUMENTATION_COMMENTS = YES;
				CLANG_WARN_EMPTY_BODY = YES;
				CLANG_WARN_ENUM_CONVERSION = YES;
				CLANG_WARN_INFINITE_RECURSION = YES;
				CLANG_WARN_INT_CONVERSION = YES;
				CLANG_WARN_NON_LITERAL_NULL_CONVERSION = YES;
				CLANG_WARN_OBJC_IMPLICIT_RETAIN_SELF = YES;
				CLANG_WARN_OBJC_LITERAL_CONVERSION = YES;
				CLANG_WARN_OBJC_ROOT_CLASS = YES_ERROR;
				CLANG_WARN_QUOTED_INCLUDE_IN_FRAMEWORK_HEADER = YES;
				CLANG_WARN_RANGE_LOOP_ANALYSIS = YES;
				CLANG_WARN_STRICT_PROTOTYPES = YES;
				CLANG_WARN_SUSPICIOUS_MOVE = YES;
				CLANG_WARN_UNGUARDED_AVAILABILITY = YES_AGGRESSIVE;
				CLANG_WARN_UNREACHABLE_CODE = YES;
				CLANG_WARN__DUPLICATE_METHOD_MATCH = YES;
				COPY_PHASE_STRIP = NO;
				DEBUG_INFORMATION_FORMAT = dwarf;
				ENABLE_STRICT_OBJC_MSGSEND = YES;
				ENABLE_TESTABILITY = YES;
				GCC_C_LANGUAGE_STANDARD = gnu11;
				GCC_DYNAMIC_NO_PIC = NO;
				GCC_NO_COMMON_BLOCKS = YES;
				GCC_OPTIMIZATION_LEVEL = 0;
				GCC_PREPROCESSOR_DEFINITIONS = (
					"DEBUG=1",
					"$(inherited)",
				);
				GCC_WARN_64_TO_32_BIT_CONVERSION = YES;
				GCC_WARN_ABOUT_RETURN_TYPE = YES_ERROR;
				GCC_WARN_UNDECLARED_SELECTOR = YES;
				GCC_WARN_UNINITIALIZED_AUTOS = YES_AGGRESSIVE;
				GCC_WARN_UNUSED_FUNCTION = YES;
				GCC_WARN_UNUSED_VARIABLE = YES;
				MACOSX_DEPLOYMENT_TARGET = 12.6;
				MTL_ENABLE_DEBUG_INFO = INCLUDE_SOURCE;
				MTL_FAST_MATH = YES;
				ONLY_ACTIVE_ARCH = YES;
				SDKROOT = macosx;
			};
			name = Debug;
		};
		18E48E162E8187B000EA244F /* Release */ = {
			isa = XCBuildConfiguration;
			buildSettings = {
				ALWAYS_SEARCH_USER_PATHS = NO;
				CLANG_ANALYZER_NONNULL = YES;
				CLANG_ANALYZER_NUMBER_OBJECT_CONVERSION = YES_AGGRESSIVE;
				CLANG_CXX_LANGUAGE_STANDARD = "gnu++20";
				CLANG_ENABLE_MODULES = YES;
				CLANG_ENABLE_OBJC_ARC = YES;
				CLANG_ENABLE_OBJC_WEAK = YES;
				CLANG_WARN_BLOCK_CAPTURE_AUTORELEASING = YES;
				CLANG_WARN_BOOL_CONVERSION = YES;
				CLANG_WARN_COMMA = YES;
				CLANG_WARN_CONSTANT_CONVERSION = YES;
				CLANG_WARN_DEPRECATED_OBJC_IMPLEMENTATIONS = YES;
				CLANG_WARN_DIRECT_OBJC_ISA_USAGE = YES_ERROR;
				CLANG_WARN_DOCUMENTATION_COMMENTS = YES;
				CLANG_WARN_EMPTY_BODY = YES;
				CLANG_WARN_ENUM_CONVERSION = YES;
				CLANG_WARN_INFINITE_RECURSION = YES;
				CLANG_WARN_INT_CONVERSION = YES;
				CLANG_WARN_NON_LITERAL_NULL_CONVERSION = YES;
				CLANG_WARN_OBJC_IMPLICIT_RETAIN_SELF = YES;
				CLANG_WARN_OBJC_LITERAL_CONVERSION = YES;
				CLANG_WARN_OBJC_ROOT_CLASS = YES_ERROR;
				CLANG_WARN_QUOTED_INCLUDE_IN_FRAMEWORK_HEADER = YES;
				CLANG_WARN_RANGE_LOOP_ANALYSIS = YES;
				CLANG_WARN_STRICT_PROTOTYPES = YES;
				CLANG_WARN_SUSPICIOUS_MOVE = YES;
				CLANG_WARN_UNGUARDED_AVAILABILITY = YES_AGGRESSIVE;
				CLANG_WARN_UNREACHABLE_CODE = YES;
				CLANG_WARN__DUPLICATE_METHOD_MATCH = YES;
				COPY_PHASE_STRIP = NO;
				DEBUG_INFORMATION_FORMAT = "dwarf-with-dsym";
				ENABLE_NS_ASSERTIONS = NO;
				ENABLE_STRICT_OBJC_MSGSEND = YES;
				GCC_C_LANGUAGE_STANDARD = gnu11;
				GCC_NO_COMMON_BLOCKS = YES;
				GCC_WARN_64_TO_32_BIT_CONVERSION = YES;
				GCC_WARN_ABOUT_RETURN_TYPE = YES_ERROR;
				GCC_WARN_UNDECLARED_SELECTOR = YES;
				GCC_WARN_UNINITIALIZED_AUTOS = YES_AGGRESSIVE;
				GCC_WARN_UNUSED_FUNCTION = YES;
				GCC_WARN_UNUSED_VARIABLE = YES;
				MACOSX_DEPLOYMENT_TARGET = 12.6;
				MTL_ENABLE_DEBUG_INFO = NO;
				MTL_FAST_MATH = YES;
				SDKROOT = macosx;
			};
			name = Release;
		};
		18E48E182E8187B000EA244F /* Debug */ = {
			isa = XCBuildConfiguration;
			buildSettings = {
				CODE_SIGN_ENTITLEMENTS = "C Learning/C Learning.entitlements";
				CODE_SIGN_STYLE = Automatic;
				DEVELOPMENT_TEAM = H3GBH6W27S;
				ENABLE_HARDENED_RUNTIME = YES;
				PRODUCT_NAME = "$(TARGET_NAME)";
			};
			name = Debug;
		};
		18E48E192E8187B000EA244F /* Release */ = {
			isa = XCBuildConfiguration;
			buildSettings = {
				CODE_SIGN_ENTITLEMENTS = "C Learning/C Learning.entitlements";
				CODE_SIGN_STYLE = Automatic;
				DEVELOPMENT_TEAM = H3GBH6W27S;
				ENABLE_HARDENED_RUNTIME = YES;
				PRODUCT_NAME = "$(TARGET_NAME)";
			};
			name = Release;
		};
/* End XCBuildConfiguration section */

/* Begin XCConfigurationList section */
		18E48E0B2E8187B000EA244F /* Build configuration list for PBXProject "C Learning" */ = {
			isa = XCConfigurationList;
			buildConfigurations = (
				18E48E152E8187B000EA244F /* Debug */,
				18E48E162E8187B000EA244F /* Release */,
			);
			defaultConfigurationIsVisible = 0;
			defaultConfigurationName = Release;
		};
		18E48E172E8187B000EA244F /* Build configuration list for PBXNativeTarget "C Learning" */ = {
			isa = XCConfigurationList;
			buildConfigurations = (
				18E48E182E8187B000EA244F /* Debug */,
				18E48E192E8187B000EA244F /* Release */,
			);
			defaultConfigurationIsVisible = 0;
			defaultConfigurationName = Release;
		};
/* End XCConfigurationList section */
	};
	rootObject = 18E48E082E8187B000EA244F /* Project object */;
}
